
Microsoft Visual Studio Solution File, Format Version 12.00
# Visual Studio Version 16
VisualStudioVersion = 25.0.1705.6
MinimumVisualStudioVersion = 10.0.40219.1
Project("{FAE04EC0-301F-11D3-BF4B-00C04F79EFBC}") = "Common", "Common\Common.csproj", "{1E6A3DC4-5D56-4577-B995-C6CC30F1831B}"
EndProject
Project("{FAE04EC0-301F-11D3-BF4B-00C04F79EFBC}") = "FhirUtility", "FhirUtility\FhirUtility.csproj", "{1A2EA978-6E2F-43F3-8867-07C7EB8DA688}"
EndProject
Global
	GlobalSection(SolutionConfigurationPlatforms) = preSolution
		Debug|Any CPU = Debug|Any CPU
		Release|Any CPU = Release|Any CPU
	EndGlobalSection
	GlobalSection(ProjectConfigurationPlatforms) = postSolution
		{1E6A3DC4-5D56-4577-B995-C6CC30F1831B}.Debug|Any CPU.ActiveCfg = Debug|Any CPU
		{1E6A3DC4-5D56-4577-B995-C6CC30F1831B}.Debug|Any CPU.Build.0 = Debug|Any CPU
		{1E6A3DC4-5D56-4577-B995-C6CC30F1831B}.Release|Any CPU.ActiveCfg = Release|Any CPU
		{1E6A3DC4-5D56-4577-B995-C6CC30F1831B}.Release|Any CPU.Build.0 = Release|Any CPU
		{1A2EA978-6E2F-43F3-8867-07C7EB8DA688}.Debug|Any CPU.ActiveCfg = Debug|Any CPU
		{1A2EA978-6E2F-43F3-8867-07C7EB8DA688}.Debug|Any CPU.Build.0 = Debug|Any CPU
		{1A2EA978-6E2F-43F3-8867-07C7EB8DA688}.Release|Any CPU.ActiveCfg = Release|Any CPU
		{1A2EA978-6E2F-43F3-8867-07C7EB8DA688}.Release|Any CPU.Build.0 = Release|Any CPU
	EndGlobalSection
	GlobalSection(SolutionProperties) = preSolution
		HideSolutionNode = FALSE
	EndGlobalSection
	GlobalSection(ExtensibilityGlobals) = postSolution
		SolutionGuid = {5BB69A2A-93AF-43EC-99DB-80119601123F}
	EndGlobalSection
EndGlobal
